
Microsoft Visual Studio Solution File, Format Version 12.00
# Visual Studio Version 17
VisualStudioVersion = 17.0.31903.59
MinimumVisualStudioVersion = 10.0.40219.1
Project("{2150E333-8FDC-42A3-9474-1A3956D46DE8}") = "src", "src", "{293B1008-9C50-45F4-8AFD-D16FD95721E8}"
EndProject
Project("{FAE04EC0-301F-11D3-BF4B-00C04F79EFBC}") = "ClientAuthAPI", "src\ClientAuthAPI\ClientAuthAPI.csproj", "{1B45F63E-2065-4F8D-AA6B-720225BA2131}"
EndProject
Project("{FAE04EC0-301F-11D3-BF4B-00C04F79EFBC}") = "ClientAuthAPI.Domain", "src\ClientAuthAPI.Domain\ClientAuthAPI.Domain.csproj", "{F217FFAA-DE99-47EB-AF57-F63187691E85}"
EndProject
Project("{FAE04EC0-301F-11D3-BF4B-00C04F79EFBC}") = "ClientAuthAPI.Application", "src\ClientAuthAPI.Application\ClientAuthAPI.Application.csproj", "{942EE2C6-D832-4E3A-8E7C-869822A0D0D2}"
EndProject
Project("{FAE04EC0-301F-11D3-BF4B-00C04F79EFBC}") = "ClientAuthAPI.Infrastructure.Mongo", "src\ClientAuthAPI.Infrastructure.Mongo\ClientAuthAPI.Infrastructure.Mongo.csproj", "{26037BF5-5302-4BDB-9111-1C84CDC16649}"
EndProject
Project("{FAE04EC0-301F-11D3-BF4B-00C04F79EFBC}") = "ClientAuthAPI.Infrastructure.Security", "src\ClientAuthAPI.Infrastructure.Security\ClientAuthAPI.Infrastructure.Security.csproj", "{C5E3E9D6-5164-4ACA-BF40-845DA3E4E6C8}"
EndProject
Project("{2150E333-8FDC-42A3-9474-1A3956D46DE8}") = "test", "test", "{48F2E7D8-FDCA-4BB8-9BF3-EAC09B1C836F}"
EndProject
Project("{FAE04EC0-301F-11D3-BF4B-00C04F79EFBC}") = "ClientAuthAPI.Application.Tests", "test\ClientAuthAPI.Application.Tests\ClientAuthAPI.Application.Tests.csproj", "{68F7A0FB-7047-496B-ABC4-9020994987AB}"
EndProject
Global
	GlobalSection(SolutionConfigurationPlatforms) = preSolution
		Debug|Any CPU = Debug|Any CPU
		Release|Any CPU = Release|Any CPU
	EndGlobalSection
	GlobalSection(SolutionProperties) = preSolution
		HideSolutionNode = FALSE
	EndGlobalSection
	GlobalSection(ProjectConfigurationPlatforms) = postSolution
		{1B45F63E-2065-4F8D-AA6B-720225BA2131}.Debug|Any CPU.ActiveCfg = Debug|Any CPU
		{1B45F63E-2065-4F8D-AA6B-720225BA2131}.Debug|Any CPU.Build.0 = Debug|Any CPU
		{1B45F63E-2065-4F8D-AA6B-720225BA2131}.Release|Any CPU.ActiveCfg = Release|Any CPU
		{1B45F63E-2065-4F8D-AA6B-720225BA2131}.Release|Any CPU.Build.0 = Release|Any CPU
		{F217FFAA-DE99-47EB-AF57-F63187691E85}.Debug|Any CPU.ActiveCfg = Debug|Any CPU
		{F217FFAA-DE99-47EB-AF57-F63187691E85}.Debug|Any CPU.Build.0 = Debug|Any CPU
		{F217FFAA-DE99-47EB-AF57-F63187691E85}.Release|Any CPU.ActiveCfg = Release|Any CPU
		{F217FFAA-DE99-47EB-AF57-F63187691E85}.Release|Any CPU.Build.0 = Release|Any CPU
		{942EE2C6-D832-4E3A-8E7C-869822A0D0D2}.Debug|Any CPU.ActiveCfg = Debug|Any CPU
		{942EE2C6-D832-4E3A-8E7C-869822A0D0D2}.Debug|Any CPU.Build.0 = Debug|Any CPU
		{942EE2C6-D832-4E3A-8E7C-869822A0D0D2}.Release|Any CPU.ActiveCfg = Release|Any CPU
		{942EE2C6-D832-4E3A-8E7C-869822A0D0D2}.Release|Any CPU.Build.0 = Release|Any CPU
		{26037BF5-5302-4BDB-9111-1C84CDC16649}.Debug|Any CPU.ActiveCfg = Debug|Any CPU
		{26037BF5-5302-4BDB-9111-1C84CDC16649}.Debug|Any CPU.Build.0 = Debug|Any CPU
		{26037BF5-5302-4BDB-9111-1C84CDC16649}.Release|Any CPU.ActiveCfg = Release|Any CPU
		{26037BF5-5302-4BDB-9111-1C84CDC16649}.Release|Any CPU.Build.0 = Release|Any CPU
		{C5E3E9D6-5164-4ACA-BF40-845DA3E4E6C8}.Debug|Any CPU.ActiveCfg = Debug|Any CPU
		{C5E3E9D6-5164-4ACA-BF40-845DA3E4E6C8}.Debug|Any CPU.Build.0 = Debug|Any CPU
		{C5E3E9D6-5164-4ACA-BF40-845DA3E4E6C8}.Release|Any CPU.ActiveCfg = Release|Any CPU
		{C5E3E9D6-5164-4ACA-BF40-845DA3E4E6C8}.Release|Any CPU.Build.0 = Release|Any CPU
		{68F7A0FB-7047-496B-ABC4-9020994987AB}.Debug|Any CPU.ActiveCfg = Debug|Any CPU
		{68F7A0FB-7047-496B-ABC4-9020994987AB}.Debug|Any CPU.Build.0 = Debug|Any CPU
		{68F7A0FB-7047-496B-ABC4-9020994987AB}.Release|Any CPU.ActiveCfg = Release|Any CPU
		{68F7A0FB-7047-496B-ABC4-9020994987AB}.Release|Any CPU.Build.0 = Release|Any CPU
	EndGlobalSection
	GlobalSection(NestedProjects) = preSolution
		{1B45F63E-2065-4F8D-AA6B-720225BA2131} = {293B1008-9C50-45F4-8AFD-D16FD95721E8}
		{F217FFAA-DE99-47EB-AF57-F63187691E85} = {293B1008-9C50-45F4-8AFD-D16FD95721E8}
		{942EE2C6-D832-4E3A-8E7C-869822A0D0D2} = {293B1008-9C50-45F4-8AFD-D16FD95721E8}
		{26037BF5-5302-4BDB-9111-1C84CDC16649} = {293B1008-9C50-45F4-8AFD-D16FD95721E8}
		{C5E3E9D6-5164-4ACA-BF40-845DA3E4E6C8} = {293B1008-9C50-45F4-8AFD-D16FD95721E8}
		{68F7A0FB-7047-496B-ABC4-9020994987AB} = {48F2E7D8-FDCA-4BB8-9BF3-EAC09B1C836F}
	EndGlobalSection
EndGlobal
